// !$*UTF8*$!
{
	archiveVersion = 1;
	classes = {
	};
	objectVersion = 51;
	objects = {

/* Begin PBXBuildFile section */
		0416F9BA23F60FCC002A66C5 /* ListElement.swift in Sources */ = {isa = PBXBuildFile; fileRef = 0416F9B923F60FCC002A66C5 /* ListElement.swift */; };
		042A6B19242D629E006C71F2 /* Equipment.swift in Sources */ = {isa = PBXBuildFile; fileRef = 042A6B18242D629E006C71F2 /* Equipment.swift */; };
		042A6B1B242D62F9006C71F2 /* EquipmentViewController.swift in Sources */ = {isa = PBXBuildFile; fileRef = 042A6B1A242D62F9006C71F2 /* EquipmentViewController.swift */; };
		0430723223F49D53002A4E88 /* AppDelegate.swift in Sources */ = {isa = PBXBuildFile; fileRef = 0430723123F49D53002A4E88 /* AppDelegate.swift */; };
		0430723423F49D53002A4E88 /* SceneDelegate.swift in Sources */ = {isa = PBXBuildFile; fileRef = 0430723323F49D53002A4E88 /* SceneDelegate.swift */; };
		0430723623F49D53002A4E88 /* MasterViewController.swift in Sources */ = {isa = PBXBuildFile; fileRef = 0430723523F49D53002A4E88 /* MasterViewController.swift */; };
		0430723923F49D53002A4E88 /* Main.storyboard in Resources */ = {isa = PBXBuildFile; fileRef = 0430723723F49D53002A4E88 /* Main.storyboard */; };
		0430723B23F49D54002A4E88 /* Assets.xcassets in Resources */ = {isa = PBXBuildFile; fileRef = 0430723A23F49D54002A4E88 /* Assets.xcassets */; };
		0430723E23F49D54002A4E88 /* LaunchScreen.storyboard in Resources */ = {isa = PBXBuildFile; fileRef = 0430723C23F49D54002A4E88 /* LaunchScreen.storyboard */; };
		0448AEA7241ED05F009ED1EF /* Action.swift in Sources */ = {isa = PBXBuildFile; fileRef = 0448AEA6241ED05F009ED1EF /* Action.swift */; };
		0448AEAB241ED1AD009ED1EF /* MonsterViewController.swift in Sources */ = {isa = PBXBuildFile; fileRef = 0448AEAA241ED1AD009ED1EF /* MonsterViewController.swift */; };
		047839F5242AAC4700A973F0 /* Race.swift in Sources */ = {isa = PBXBuildFile; fileRef = 047839F4242AAC4700A973F0 /* Race.swift */; };
		047839F7242AAD4D00A973F0 /* RaceViewController.swift in Sources */ = {isa = PBXBuildFile; fileRef = 047839F6242AAD4D00A973F0 /* RaceViewController.swift */; };
		047BC993244092CD00DA351C /* GoogleImage.swift in Sources */ = {isa = PBXBuildFile; fileRef = 047BC992244092CD00DA351C /* GoogleImage.swift */; };
		047BC9952440944F00DA351C /* GoogleImageItem.swift in Sources */ = {isa = PBXBuildFile; fileRef = 047BC9942440944F00DA351C /* GoogleImageItem.swift */; };
		048BA55C2402E85200B60113 /* ListElements.swift in Sources */ = {isa = PBXBuildFile; fileRef = 048BA55B2402E85200B60113 /* ListElements.swift */; };
		04C48AA2242C173C00E8484A /* DetailsViewController.swift in Sources */ = {isa = PBXBuildFile; fileRef = 04C48AA1242C173C00E8484A /* DetailsViewController.swift */; };
		04C48AA4242C186800E8484A /* SpellViewController.swift in Sources */ = {isa = PBXBuildFile; fileRef = 04C48AA3242C186800E8484A /* SpellViewController.swift */; };
		04C48AA6242C18CB00E8484A /* Spell.swift in Sources */ = {isa = PBXBuildFile; fileRef = 04C48AA5242C18CB00E8484A /* Spell.swift */; };
		04FA45BF241DA1C100C07671 /* Monster.swift in Sources */ = {isa = PBXBuildFile; fileRef = 04FA45BE241DA1C100C07671 /* Monster.swift */; };
		697D2ED187741A81FCDB8A17 /* Pods_DungeonsDragons_guide.framework in Frameworks */ = {isa = PBXBuildFile; fileRef = 928EA21926192A7D9C58EC22 /* Pods_DungeonsDragons_guide.framework */; };
/* End PBXBuildFile section */

/* Begin PBXFileReference section */
		03335E40841A8627FC4A9F2F /* Pods-DungeonsDragons guide.debug.xcconfig */ = {isa = PBXFileReference; includeInIndex = 1; lastKnownFileType = text.xcconfig; name = "Pods-DungeonsDragons guide.debug.xcconfig"; path = "Target Support Files/Pods-DungeonsDragons guide/Pods-DungeonsDragons guide.debug.xcconfig"; sourceTree = "<group>"; };
		0416F9B923F60FCC002A66C5 /* ListElement.swift */ = {isa = PBXFileReference; lastKnownFileType = sourcecode.swift; path = ListElement.swift; sourceTree = "<group>"; };
		042A6B18242D629E006C71F2 /* Equipment.swift */ = {isa = PBXFileReference; lastKnownFileType = sourcecode.swift; path = Equipment.swift; sourceTree = "<group>"; };
		042A6B1A242D62F9006C71F2 /* EquipmentViewController.swift */ = {isa = PBXFileReference; lastKnownFileType = sourcecode.swift; path = EquipmentViewController.swift; sourceTree = "<group>"; };
		0430722E23F49D53002A4E88 /* DungeonsDragons guide.app */ = {isa = PBXFileReference; explicitFileType = wrapper.application; includeInIndex = 0; path = "DungeonsDragons guide.app"; sourceTree = BUILT_PRODUCTS_DIR; };
		0430723123F49D53002A4E88 /* AppDelegate.swift */ = {isa = PBXFileReference; lastKnownFileType = sourcecode.swift; path = AppDelegate.swift; sourceTree = "<group>"; };
		0430723323F49D53002A4E88 /* SceneDelegate.swift */ = {isa = PBXFileReference; lastKnownFileType = sourcecode.swift; path = SceneDelegate.swift; sourceTree = "<group>"; };
		0430723523F49D53002A4E88 /* MasterViewController.swift */ = {isa = PBXFileReference; lastKnownFileType = sourcecode.swift; path = MasterViewController.swift; sourceTree = "<group>"; };
		0430723823F49D53002A4E88 /* Base */ = {isa = PBXFileReference; lastKnownFileType = file.storyboard; name = Base; path = Base.lproj/Main.storyboard; sourceTree = "<group>"; };
		0430723A23F49D54002A4E88 /* Assets.xcassets */ = {isa = PBXFileReference; lastKnownFileType = folder.assetcatalog; path = Assets.xcassets; sourceTree = "<group>"; };
		0430723D23F49D54002A4E88 /* Base */ = {isa = PBXFileReference; lastKnownFileType = file.storyboard; name = Base; path = Base.lproj/LaunchScreen.storyboard; sourceTree = "<group>"; };
		0430723F23F49D54002A4E88 /* Info.plist */ = {isa = PBXFileReference; lastKnownFileType = text.plist.xml; path = Info.plist; sourceTree = "<group>"; };
		0448AEA6241ED05F009ED1EF /* Action.swift */ = {isa = PBXFileReference; lastKnownFileType = sourcecode.swift; path = Action.swift; sourceTree = "<group>"; };
		0448AEAA241ED1AD009ED1EF /* MonsterViewController.swift */ = {isa = PBXFileReference; lastKnownFileType = sourcecode.swift; path = MonsterViewController.swift; sourceTree = "<group>"; };
		047839F4242AAC4700A973F0 /* Race.swift */ = {isa = PBXFileReference; lastKnownFileType = sourcecode.swift; path = Race.swift; sourceTree = "<group>"; };
		047839F6242AAD4D00A973F0 /* RaceViewController.swift */ = {isa = PBXFileReference; lastKnownFileType = sourcecode.swift; path = RaceViewController.swift; sourceTree = "<group>"; };
		047BC992244092CD00DA351C /* GoogleImage.swift */ = {isa = PBXFileReference; lastKnownFileType = sourcecode.swift; path = GoogleImage.swift; sourceTree = "<group>"; };
		047BC9942440944F00DA351C /* GoogleImageItem.swift */ = {isa = PBXFileReference; lastKnownFileType = sourcecode.swift; path = GoogleImageItem.swift; sourceTree = "<group>"; };
		048BA55B2402E85200B60113 /* ListElements.swift */ = {isa = PBXFileReference; lastKnownFileType = sourcecode.swift; path = ListElements.swift; sourceTree = "<group>"; };
		04C48AA1242C173C00E8484A /* DetailsViewController.swift */ = {isa = PBXFileReference; lastKnownFileType = sourcecode.swift; path = DetailsViewController.swift; sourceTree = "<group>"; };
		04C48AA3242C186800E8484A /* SpellViewController.swift */ = {isa = PBXFileReference; lastKnownFileType = sourcecode.swift; path = SpellViewController.swift; sourceTree = "<group>"; };
		04C48AA5242C18CB00E8484A /* Spell.swift */ = {isa = PBXFileReference; lastKnownFileType = sourcecode.swift; path = Spell.swift; sourceTree = "<group>"; };
		04FA45BE241DA1C100C07671 /* Monster.swift */ = {isa = PBXFileReference; lastKnownFileType = sourcecode.swift; path = Monster.swift; sourceTree = "<group>"; };
		928EA21926192A7D9C58EC22 /* Pods_DungeonsDragons_guide.framework */ = {isa = PBXFileReference; explicitFileType = wrapper.framework; includeInIndex = 0; path = Pods_DungeonsDragons_guide.framework; sourceTree = BUILT_PRODUCTS_DIR; };
		9EC7D781AD5873C94EBD436E /* Pods-DungeonsDragons guide.release.xcconfig */ = {isa = PBXFileReference; includeInIndex = 1; lastKnownFileType = text.xcconfig; name = "Pods-DungeonsDragons guide.release.xcconfig"; path = "Target Support Files/Pods-DungeonsDragons guide/Pods-DungeonsDragons guide.release.xcconfig"; sourceTree = "<group>"; };
/* End PBXFileReference section */

/* Begin PBXFrameworksBuildPhase section */
		0430722B23F49D53002A4E88 /* Frameworks */ = {
			isa = PBXFrameworksBuildPhase;
			buildActionMask = 2147483647;
			files = (
				697D2ED187741A81FCDB8A17 /* Pods_DungeonsDragons_guide.framework in Frameworks */,
			);
			runOnlyForDeploymentPostprocessing = 0;
		};
/* End PBXFrameworksBuildPhase section */

/* Begin PBXGroup section */
		0430722523F49D53002A4E88 = {
			isa = PBXGroup;
			children = (
				0430723023F49D53002A4E88 /* DungeonsDragons guide */,
				0430722F23F49D53002A4E88 /* Products */,
				D1D580745B41A117978385F1 /* Pods */,
				9EB09B6698E2E630594AC109 /* Frameworks */,
			);
			sourceTree = "<group>";
		};
		0430722F23F49D53002A4E88 /* Products */ = {
			isa = PBXGroup;
			children = (
				0430722E23F49D53002A4E88 /* DungeonsDragons guide.app */,
			);
			name = Products;
			sourceTree = "<group>";
		};
		0430723023F49D53002A4E88 /* DungeonsDragons guide */ = {
			isa = PBXGroup;
			children = (
				0430723123F49D53002A4E88 /* AppDelegate.swift */,
				0430723323F49D53002A4E88 /* SceneDelegate.swift */,
				0430723523F49D53002A4E88 /* MasterViewController.swift */,
				0430723723F49D53002A4E88 /* Main.storyboard */,
				0430723A23F49D54002A4E88 /* Assets.xcassets */,
				0430723C23F49D54002A4E88 /* LaunchScreen.storyboard */,
				0430723F23F49D54002A4E88 /* Info.plist */,
				0416F9B923F60FCC002A66C5 /* ListElement.swift */,
				04FA45BE241DA1C100C07671 /* Monster.swift */,
				047839F4242AAC4700A973F0 /* Race.swift */,
				04C48AA5242C18CB00E8484A /* Spell.swift */,
				042A6B18242D629E006C71F2 /* Equipment.swift */,
				0448AEA6241ED05F009ED1EF /* Action.swift */,
				048BA55B2402E85200B60113 /* ListElements.swift */,
				0448AEAA241ED1AD009ED1EF /* MonsterViewController.swift */,
				047839F6242AAD4D00A973F0 /* RaceViewController.swift */,
				04C48AA3242C186800E8484A /* SpellViewController.swift */,
				042A6B1A242D62F9006C71F2 /* EquipmentViewController.swift */,
				04C48AA1242C173C00E8484A /* DetailsViewController.swift */,
				047BC992244092CD00DA351C /* GoogleImage.swift */,
				047BC9942440944F00DA351C /* GoogleImageItem.swift */,
			);
			path = "DungeonsDragons guide";
			sourceTree = "<group>";
		};
		9EB09B6698E2E630594AC109 /* Frameworks */ = {
			isa = PBXGroup;
			children = (
				928EA21926192A7D9C58EC22 /* Pods_DungeonsDragons_guide.framework */,
			);
			name = Frameworks;
			sourceTree = "<group>";
		};
		D1D580745B41A117978385F1 /* Pods */ = {
			isa = PBXGroup;
			children = (
				03335E40841A8627FC4A9F2F /* Pods-DungeonsDragons guide.debug.xcconfig */,
				9EC7D781AD5873C94EBD436E /* Pods-DungeonsDragons guide.release.xcconfig */,
			);
			path = Pods;
			sourceTree = "<group>";
		};
/* End PBXGroup section */

/* Begin PBXNativeTarget section */
		0430722D23F49D53002A4E88 /* DungeonsDragons guide */ = {
			isa = PBXNativeTarget;
			buildConfigurationList = 0430724223F49D54002A4E88 /* Build configuration list for PBXNativeTarget "DungeonsDragons guide" */;
			buildPhases = (
				12E8633799FF0F3A97FED619 /* [CP] Check Pods Manifest.lock */,
				0430722A23F49D53002A4E88 /* Sources */,
				0430722B23F49D53002A4E88 /* Frameworks */,
				0430722C23F49D53002A4E88 /* Resources */,
				F7BB87676893B1868F143A8A /* [CP] Embed Pods Frameworks */,
			);
			buildRules = (
			);
			dependencies = (
			);
			name = "DungeonsDragons guide";
			productName = "DungeonsDragons guide";
			productReference = 0430722E23F49D53002A4E88 /* DungeonsDragons guide.app */;
			productType = "com.apple.product-type.application";
		};
/* End PBXNativeTarget section */

/* Begin PBXProject section */
		0430722623F49D53002A4E88 /* Project object */ = {
			isa = PBXProject;
			attributes = {
				LastSwiftUpdateCheck = 1120;
				LastUpgradeCheck = 1120;
				ORGANIZATIONNAME = "Jacek Graczyk";
				TargetAttributes = {
					0430722D23F49D53002A4E88 = {
						CreatedOnToolsVersion = 11.2;
					};
				};
			};
			buildConfigurationList = 0430722923F49D53002A4E88 /* Build configuration list for PBXProject "DungeonsDragons guide" */;
			compatibilityVersion = "Xcode 9.3";
			developmentRegion = en;
			hasScannedForEncodings = 0;
			knownRegions = (
				en,
				Base,
			);
			mainGroup = 0430722523F49D53002A4E88;
			productRefGroup = 0430722F23F49D53002A4E88 /* Products */;
			projectDirPath = "";
			projectRoot = "";
			targets = (
				0430722D23F49D53002A4E88 /* DungeonsDragons guide */,
			);
		};
/* End PBXProject section */

/* Begin PBXResourcesBuildPhase section */
		0430722C23F49D53002A4E88 /* Resources */ = {
			isa = PBXResourcesBuildPhase;
			buildActionMask = 2147483647;
			files = (
				0430723E23F49D54002A4E88 /* LaunchScreen.storyboard in Resources */,
				0430723B23F49D54002A4E88 /* Assets.xcassets in Resources */,
				0430723923F49D53002A4E88 /* Main.storyboard in Resources */,
			);
			runOnlyForDeploymentPostprocessing = 0;
		};
/* End PBXResourcesBuildPhase section */

/* Begin PBXShellScriptBuildPhase section */
		12E8633799FF0F3A97FED619 /* [CP] Check Pods Manifest.lock */ = {
			isa = PBXShellScriptBuildPhase;
			buildActionMask = 2147483647;
			files = (
			);
			inputFileListPaths = (
			);
			inputPaths = (
				"${PODS_PODFILE_DIR_PATH}/Podfile.lock",
				"${PODS_ROOT}/Manifest.lock",
			);
			name = "[CP] Check Pods Manifest.lock";
			outputFileListPaths = (
			);
			outputPaths = (
				"$(DERIVED_FILE_DIR)/Pods-DungeonsDragons guide-checkManifestLockResult.txt",
			);
			runOnlyForDeploymentPostprocessing = 0;
			shellPath = /bin/sh;
			shellScript = "diff \"${PODS_PODFILE_DIR_PATH}/Podfile.lock\" \"${PODS_ROOT}/Manifest.lock\" > /dev/null\nif [ $? != 0 ] ; then\n    # print error to STDERR\n    echo \"error: The sandbox is not in sync with the Podfile.lock. Run 'pod install' or update your CocoaPods installation.\" >&2\n    exit 1\nfi\n# This output is used by Xcode 'outputs' to avoid re-running this script phase.\necho \"SUCCESS\" > \"${SCRIPT_OUTPUT_FILE_0}\"\n";
			showEnvVarsInLog = 0;
		};
		F7BB87676893B1868F143A8A /* [CP] Embed Pods Frameworks */ = {
			isa = PBXShellScriptBuildPhase;
			buildActionMask = 2147483647;
			files = (
			);
			inputFileListPaths = (
				"${PODS_ROOT}/Target Support Files/Pods-DungeonsDragons guide/Pods-DungeonsDragons guide-frameworks-${CONFIGURATION}-input-files.xcfilelist",
			);
			name = "[CP] Embed Pods Frameworks";
			outputFileListPaths = (
				"${PODS_ROOT}/Target Support Files/Pods-DungeonsDragons guide/Pods-DungeonsDragons guide-frameworks-${CONFIGURATION}-output-files.xcfilelist",
			);
			runOnlyForDeploymentPostprocessing = 0;
			shellPath = /bin/sh;
			shellScript = "\"${PODS_ROOT}/Target Support Files/Pods-DungeonsDragons guide/Pods-DungeonsDragons guide-frameworks.sh\"\n";
			showEnvVarsInLog = 0;
		};
/* End PBXShellScriptBuildPhase section */

/* Begin PBXSourcesBuildPhase section */
		0430722A23F49D53002A4E88 /* Sources */ = {
			isa = PBXSourcesBuildPhase;
			buildActionMask = 2147483647;
			files = (
				0416F9BA23F60FCC002A66C5 /* ListElement.swift in Sources */,
				0430723623F49D53002A4E88 /* MasterViewController.swift in Sources */,
				048BA55C2402E85200B60113 /* ListElements.swift in Sources */,
				04C48AA4242C186800E8484A /* SpellViewController.swift in Sources */,
				04C48AA2242C173C00E8484A /* DetailsViewController.swift in Sources */,
				0448AEAB241ED1AD009ED1EF /* MonsterViewController.swift in Sources */,
				047839F5242AAC4700A973F0 /* Race.swift in Sources */,
				047BC9952440944F00DA351C /* GoogleImageItem.swift in Sources */,
				0430723223F49D53002A4E88 /* AppDelegate.swift in Sources */,
				0448AEA7241ED05F009ED1EF /* Action.swift in Sources */,
				047BC993244092CD00DA351C /* GoogleImage.swift in Sources */,
				047839F7242AAD4D00A973F0 /* RaceViewController.swift in Sources */,
				04FA45BF241DA1C100C07671 /* Monster.swift in Sources */,
				04C48AA6242C18CB00E8484A /* Spell.swift in Sources */,
				042A6B19242D629E006C71F2 /* Equipment.swift in Sources */,
				0430723423F49D53002A4E88 /* SceneDelegate.swift in Sources */,
				042A6B1B242D62F9006C71F2 /* EquipmentViewController.swift in Sources */,
			);
			runOnlyForDeploymentPostprocessing = 0;
		};
/* End PBXSourcesBuildPhase section */

/* Begin PBXVariantGroup section */
		0430723723F49D53002A4E88 /* Main.storyboard */ = {
			isa = PBXVariantGroup;
			children = (
				0430723823F49D53002A4E88 /* Base */,
			);
			name = Main.storyboard;
			sourceTree = "<group>";
		};
		0430723C23F49D54002A4E88 /* LaunchScreen.storyboard */ = {
			isa = PBXVariantGroup;
			children = (
				0430723D23F49D54002A4E88 /* Base */,
			);
			name = LaunchScreen.storyboard;
			sourceTree = "<group>";
		};
/* End PBXVariantGroup section */

/* Begin XCBuildConfiguration section */
		0430724023F49D54002A4E88 /* Debug */ = {
			isa = XCBuildConfiguration;
			buildSettings = {
				ALWAYS_SEARCH_USER_PATHS = NO;
				CLANG_ANALYZER_NONNULL = YES;
				CLANG_ANALYZER_NUMBER_OBJECT_CONVERSION = YES_AGGRESSIVE;
				CLANG_CXX_LANGUAGE_STANDARD = "gnu++14";
				CLANG_CXX_LIBRARY = "libc++";
				CLANG_ENABLE_MODULES = YES;
				CLANG_ENABLE_OBJC_ARC = YES;
				CLANG_ENABLE_OBJC_WEAK = YES;
				CLANG_WARN_BLOCK_CAPTURE_AUTORELEASING = YES;
				CLANG_WARN_BOOL_CONVERSION = YES;
				CLANG_WARN_COMMA = YES;
				CLANG_WARN_CONSTANT_CONVERSION = YES;
				CLANG_WARN_DEPRECATED_OBJC_IMPLEMENTATIONS = YES;
				CLANG_WARN_DIRECT_OBJC_ISA_USAGE = YES_ERROR;
				CLANG_WARN_DOCUMENTATION_COMMENTS = YES;
				CLANG_WARN_EMPTY_BODY = YES;
				CLANG_WARN_ENUM_CONVERSION = YES;
				CLANG_WARN_INFINITE_RECURSION = YES;
				CLANG_WARN_INT_CONVERSION = YES;
				CLANG_WARN_NON_LITERAL_NULL_CONVERSION = YES;
				CLANG_WARN_OBJC_IMPLICIT_RETAIN_SELF = YES;
				CLANG_WARN_OBJC_LITERAL_CONVERSION = YES;
				CLANG_WARN_OBJC_ROOT_CLASS = YES_ERROR;
				CLANG_WARN_RANGE_LOOP_ANALYSIS = YES;
				CLANG_WARN_STRICT_PROTOTYPES = YES;
				CLANG_WARN_SUSPICIOUS_MOVE = YES;
				CLANG_WARN_UNGUARDED_AVAILABILITY = YES_AGGRESSIVE;
				CLANG_WARN_UNREACHABLE_CODE = YES;
				CLANG_WARN__DUPLICATE_METHOD_MATCH = YES;
				COPY_PHASE_STRIP = NO;
				DEBUG_INFORMATION_FORMAT = dwarf;
				ENABLE_STRICT_OBJC_MSGSEND = YES;
				ENABLE_TESTABILITY = YES;
				GCC_C_LANGUAGE_STANDARD = gnu11;
				GCC_DYNAMIC_NO_PIC = NO;
				GCC_NO_COMMON_BLOCKS = YES;
				GCC_OPTIMIZATION_LEVEL = 0;
				GCC_PREPROCESSOR_DEFINITIONS = (
					"DEBUG=1",
					"$(inherited)",
				);
				GCC_WARN_64_TO_32_BIT_CONVERSION = YES;
				GCC_WARN_ABOUT_RETURN_TYPE = YES_ERROR;
				GCC_WARN_UNDECLARED_SELECTOR = YES;
				GCC_WARN_UNINITIALIZED_AUTOS = YES_AGGRESSIVE;
				GCC_WARN_UNUSED_FUNCTION = YES;
				GCC_WARN_UNUSED_VARIABLE = YES;
				IPHONEOS_DEPLOYMENT_TARGET = 13.2;
				MTL_ENABLE_DEBUG_INFO = INCLUDE_SOURCE;
				MTL_FAST_MATH = YES;
				ONLY_ACTIVE_ARCH = YES;
				SDKROOT = iphoneos;
				SWIFT_ACTIVE_COMPILATION_CONDITIONS = DEBUG;
				SWIFT_OPTIMIZATION_LEVEL = "-Onone";
			};
			name = Debug;
		};
		0430724123F49D54002A4E88 /* Release */ = {
			isa = XCBuildConfiguration;
			buildSettings = {
				ALWAYS_SEARCH_USER_PATHS = NO;
				CLANG_ANALYZER_NONNULL = YES;
				CLANG_ANALYZER_NUMBER_OBJECT_CONVERSION = YES_AGGRESSIVE;
				CLANG_CXX_LANGUAGE_STANDARD = "gnu++14";
				CLANG_CXX_LIBRARY = "libc++";
				CLANG_ENABLE_MODULES = YES;
				CLANG_ENABLE_OBJC_ARC = YES;
				CLANG_ENABLE_OBJC_WEAK = YES;
				CLANG_WARN_BLOCK_CAPTURE_AUTORELEASING = YES;
				CLANG_WARN_BOOL_CONVERSION = YES;
				CLANG_WARN_COMMA = YES;
				CLANG_WARN_CONSTANT_CONVERSION = YES;
				CLANG_WARN_DEPRECATED_OBJC_IMPLEMENTATIONS = YES;
				CLANG_WARN_DIRECT_OBJC_ISA_USAGE = YES_ERROR;
				CLANG_WARN_DOCUMENTATION_COMMENTS = YES;
				CLANG_WARN_EMPTY_BODY = YES;
				CLANG_WARN_ENUM_CONVERSION = YES;
				CLANG_WARN_INFINITE_RECURSION = YES;
				CLANG_WARN_INT_CONVERSION = YES;
				CLANG_WARN_NON_LITERAL_NULL_CONVERSION = YES;
				CLANG_WARN_OBJC_IMPLICIT_RETAIN_SELF = YES;
				CLANG_WARN_OBJC_LITERAL_CONVERSION = YES;
				CLANG_WARN_OBJC_ROOT_CLASS = YES_ERROR;
				CLANG_WARN_RANGE_LOOP_ANALYSIS = YES;
				CLANG_WARN_STRICT_PROTOTYPES = YES;
				CLANG_WARN_SUSPICIOUS_MOVE = YES;
				CLANG_WARN_UNGUARDED_AVAILABILITY = YES_AGGRESSIVE;
				CLANG_WARN_UNREACHABLE_CODE = YES;
				CLANG_WARN__DUPLICATE_METHOD_MATCH = YES;
				COPY_PHASE_STRIP = NO;
				DEBUG_INFORMATION_FORMAT = "dwarf-with-dsym";
				ENABLE_NS_ASSERTIONS = NO;
				ENABLE_STRICT_OBJC_MSGSEND = YES;
				GCC_C_LANGUAGE_STANDARD = gnu11;
				GCC_NO_COMMON_BLOCKS = YES;
				GCC_WARN_64_TO_32_BIT_CONVERSION = YES;
				GCC_WARN_ABOUT_RETURN_TYPE = YES_ERROR;
				GCC_WARN_UNDECLARED_SELECTOR = YES;
				GCC_WARN_UNINITIALIZED_AUTOS = YES_AGGRESSIVE;
				GCC_WARN_UNUSED_FUNCTION = YES;
				GCC_WARN_UNUSED_VARIABLE = YES;
				IPHONEOS_DEPLOYMENT_TARGET = 13.2;
				MTL_ENABLE_DEBUG_INFO = NO;
				MTL_FAST_MATH = YES;
				SDKROOT = iphoneos;
				SWIFT_COMPILATION_MODE = wholemodule;
				SWIFT_OPTIMIZATION_LEVEL = "-O";
				VALIDATE_PRODUCT = YES;
			};
			name = Release;
		};
		0430724323F49D54002A4E88 /* Debug */ = {
			isa = XCBuildConfiguration;
			baseConfigurationReference = 03335E40841A8627FC4A9F2F /* Pods-DungeonsDragons guide.debug.xcconfig */;
			buildSettings = {
				ASSETCATALOG_COMPILER_APPICON_NAME = AppIcon;
				CODE_SIGN_STYLE = Automatic;
				DEVELOPMENT_TEAM = 24TRATM3J6;
				INFOPLIST_FILE = "DungeonsDragons guide/Info.plist";
				LD_RUNPATH_SEARCH_PATHS = (
					"$(inherited)",
					"@executable_path/Frameworks",
				);
				PRODUCT_BUNDLE_IDENTIFIER = "com.jack.DungeonsDragons-guide";
				PRODUCT_NAME = "$(TARGET_NAME)";
				SWIFT_VERSION = 5.0;
				TARGETED_DEVICE_FAMILY = "1,2";
			};
			name = Debug;
		};
		0430724423F49D54002A4E88 /* Release */ = {
			isa = XCBuildConfiguration;
			baseConfigurationReference = 9EC7D781AD5873C94EBD436E /* Pods-DungeonsDragons guide.release.xcconfig */;
			buildSettings = {
				ASSETCATALOG_COMPILER_APPICON_NAME = AppIcon;
				CODE_SIGN_STYLE = Automatic;
				DEVELOPMENT_TEAM = 24TRATM3J6;
				INFOPLIST_FILE = "DungeonsDragons guide/Info.plist";
				LD_RUNPATH_SEARCH_PATHS = (
					"$(inherited)",
					"@executable_path/Frameworks",
				);
				PRODUCT_BUNDLE_IDENTIFIER = "com.jack.DungeonsDragons-guide";
				PRODUCT_NAME = "$(TARGET_NAME)";
				SWIFT_VERSION = 5.0;
				TARGETED_DEVICE_FAMILY = "1,2";
			};
			name = Release;
		};
/* End XCBuildConfiguration section */

/* Begin XCConfigurationList section */
		0430722923F49D53002A4E88 /* Build configuration list for PBXProject "DungeonsDragons guide" */ = {
			isa = XCConfigurationList;
			buildConfigurations = (
				0430724023F49D54002A4E88 /* Debug */,
				0430724123F49D54002A4E88 /* Release */,
			);
			defaultConfigurationIsVisible = 0;
			defaultConfigurationName = Release;
		};
		0430724223F49D54002A4E88 /* Build configuration list for PBXNativeTarget "DungeonsDragons guide" */ = {
			isa = XCConfigurationList;
			buildConfigurations = (
				0430724323F49D54002A4E88 /* Debug */,
				0430724423F49D54002A4E88 /* Release */,
			);
			defaultConfigurationIsVisible = 0;
			defaultConfigurationName = Release;
		};
/* End XCConfigurationList section */
	};
	rootObject = 0430722623F49D53002A4E88 /* Project object */;
}
